// !$*UTF8*$!
{
	archiveVersion = 1;
	classes = {
	};
	objectVersion = 56;
	objects = {

/* Begin PBXBuildFile section */
		820E96F22A24D1D60049BEF9 /* employee_repository_imp.swift in Sources */ = {isa = PBXBuildFile; fileRef = 820E96F12A24D1D60049BEF9 /* employee_repository_imp.swift */; };
		820E96F52A2532350049BEF9 /* app_error.swift in Sources */ = {isa = PBXBuildFile; fileRef = 820E96F42A2532350049BEF9 /* app_error.swift */; };
		822ADD762A2653FC004DFE34 /* controller.swift in Sources */ = {isa = PBXBuildFile; fileRef = 822ADD752A2653FC004DFE34 /* controller.swift */; };
		822ADD782A26544F004DFE34 /* create_employee.swift in Sources */ = {isa = PBXBuildFile; fileRef = 822ADD772A26544F004DFE34 /* create_employee.swift */; };
		822ADD7A2A26545F004DFE34 /* find_by_name.swift in Sources */ = {isa = PBXBuildFile; fileRef = 822ADD792A26545F004DFE34 /* find_by_name.swift */; };
		822ADD7C2A26546C004DFE34 /* delete_employee.swift in Sources */ = {isa = PBXBuildFile; fileRef = 822ADD7B2A26546C004DFE34 /* delete_employee.swift */; };
		822ADD7E2A265480004DFE34 /* find_all.swift in Sources */ = {isa = PBXBuildFile; fileRef = 822ADD7D2A265480004DFE34 /* find_all.swift */; };
		82C2E6042A1573BF00F54CF4 /* main.swift in Sources */ = {isa = PBXBuildFile; fileRef = 82C2E6032A1573BF00F54CF4 /* main.swift */; };
		82FF66A72A1D0B070048DF68 /* employee.swift in Sources */ = {isa = PBXBuildFile; fileRef = 82FF66A62A1D0B070048DF68 /* employee.swift */; };
		82FF66A92A1D0BEB0048DF68 /* employee_repository.swift in Sources */ = {isa = PBXBuildFile; fileRef = 82FF66A82A1D0BEB0048DF68 /* employee_repository.swift */; };
		82FF66AC2A1D134A0048DF68 /* interface.swift in Sources */ = {isa = PBXBuildFile; fileRef = 82FF66AB2A1D134A0048DF68 /* interface.swift */; };
/* End PBXBuildFile section */

/* Begin PBXCopyFilesBuildPhase section */
		82C2E5FE2A1573BF00F54CF4 /* CopyFiles */ = {
			isa = PBXCopyFilesBuildPhase;
			buildActionMask = 2147483647;
			dstPath = /usr/share/man/man1/;
			dstSubfolderSpec = 0;
			files = (
			);
			runOnlyForDeploymentPostprocessing = 1;
		};
/* End PBXCopyFilesBuildPhase section */

/* Begin PBXFileReference section */
		820E96F12A24D1D60049BEF9 /* employee_repository_imp.swift */ = {isa = PBXFileReference; lastKnownFileType = sourcecode.swift; path = employee_repository_imp.swift; sourceTree = "<group>"; };
		820E96F42A2532350049BEF9 /* app_error.swift */ = {isa = PBXFileReference; lastKnownFileType = sourcecode.swift; path = app_error.swift; sourceTree = "<group>"; };
		822ADD752A2653FC004DFE34 /* controller.swift */ = {isa = PBXFileReference; lastKnownFileType = sourcecode.swift; path = controller.swift; sourceTree = "<group>"; };
		822ADD772A26544F004DFE34 /* create_employee.swift */ = {isa = PBXFileReference; lastKnownFileType = sourcecode.swift; path = create_employee.swift; sourceTree = "<group>"; };
		822ADD792A26545F004DFE34 /* find_by_name.swift */ = {isa = PBXFileReference; lastKnownFileType = sourcecode.swift; path = find_by_name.swift; sourceTree = "<group>"; };
		822ADD7B2A26546C004DFE34 /* delete_employee.swift */ = {isa = PBXFileReference; lastKnownFileType = sourcecode.swift; path = delete_employee.swift; sourceTree = "<group>"; };
		822ADD7D2A265480004DFE34 /* find_all.swift */ = {isa = PBXFileReference; lastKnownFileType = sourcecode.swift; path = find_all.swift; sourceTree = "<group>"; };
		82C2E6002A1573BF00F54CF4 /* IEmployeeRegister */ = {isa = PBXFileReference; explicitFileType = "compiled.mach-o.executable"; includeInIndex = 0; path = IEmployeeRegister; sourceTree = BUILT_PRODUCTS_DIR; };
		82C2E6032A1573BF00F54CF4 /* main.swift */ = {isa = PBXFileReference; lastKnownFileType = sourcecode.swift; path = main.swift; sourceTree = "<group>"; };
		82FF66A62A1D0B070048DF68 /* employee.swift */ = {isa = PBXFileReference; lastKnownFileType = sourcecode.swift; path = employee.swift; sourceTree = "<group>"; };
		82FF66A82A1D0BEB0048DF68 /* employee_repository.swift */ = {isa = PBXFileReference; lastKnownFileType = sourcecode.swift; path = employee_repository.swift; sourceTree = "<group>"; };
		82FF66AB2A1D134A0048DF68 /* interface.swift */ = {isa = PBXFileReference; lastKnownFileType = sourcecode.swift; path = interface.swift; sourceTree = "<group>"; };
/* End PBXFileReference section */

/* Begin PBXFrameworksBuildPhase section */
		82C2E5FD2A1573BF00F54CF4 /* Frameworks */ = {
			isa = PBXFrameworksBuildPhase;
			buildActionMask = 2147483647;
			files = (
			);
			runOnlyForDeploymentPostprocessing = 0;
		};
/* End PBXFrameworksBuildPhase section */

/* Begin PBXGroup section */
		820E96F32A2532220049BEF9 /* errors */ = {
			isa = PBXGroup;
			children = (
				820E96F42A2532350049BEF9 /* app_error.swift */,
			);
			path = errors;
			sourceTree = "<group>";
		};
		822ADD742A2653A1004DFE34 /* controller_operations */ = {
			isa = PBXGroup;
			children = (
				822ADD772A26544F004DFE34 /* create_employee.swift */,
				822ADD792A26545F004DFE34 /* find_by_name.swift */,
				822ADD7B2A26546C004DFE34 /* delete_employee.swift */,
				822ADD7D2A265480004DFE34 /* find_all.swift */,
			);
			path = controller_operations;
			sourceTree = "<group>";
		};
		827AA3242A1C4CA60056E618 /* src */ = {
			isa = PBXGroup;
			children = (
				82FF66AB2A1D134A0048DF68 /* interface.swift */,
				822ADD752A2653FC004DFE34 /* controller.swift */,
				822ADD742A2653A1004DFE34 /* controller_operations */,
				820E96F32A2532220049BEF9 /* errors */,
				827AA3272A1C4CE40056E618 /* entities */,
				827AA3262A1C4CCC0056E618 /* repositories */,
				827AA3252A1C4CB10056E618 /* protocols */,
			);
			path = src;
			sourceTree = "<group>";
		};
		827AA3252A1C4CB10056E618 /* protocols */ = {
			isa = PBXGroup;
			children = (
				82FF66A82A1D0BEB0048DF68 /* employee_repository.swift */,
			);
			path = protocols;
			sourceTree = "<group>";
		};
		827AA3262A1C4CCC0056E618 /* repositories */ = {
			isa = PBXGroup;
			children = (
				820E96F12A24D1D60049BEF9 /* employee_repository_imp.swift */,
			);
			path = repositories;
			sourceTree = "<group>";
		};
		827AA3272A1C4CE40056E618 /* entities */ = {
			isa = PBXGroup;
			children = (
				82FF66A62A1D0B070048DF68 /* employee.swift */,
			);
			path = entities;
			sourceTree = "<group>";
		};
		82C2E5F72A1573BF00F54CF4 = {
			isa = PBXGroup;
			children = (
				82C2E6022A1573BF00F54CF4 /* IEmployeeRegister */,
				82C2E6012A1573BF00F54CF4 /* Products */,
			);
			sourceTree = "<group>";
		};
		82C2E6012A1573BF00F54CF4 /* Products */ = {
			isa = PBXGroup;
			children = (
				82C2E6002A1573BF00F54CF4 /* IEmployeeRegister */,
			);
			name = Products;
			sourceTree = "<group>";
		};
		82C2E6022A1573BF00F54CF4 /* IEmployeeRegister */ = {
			isa = PBXGroup;
			children = (
				827AA3242A1C4CA60056E618 /* src */,
				82C2E6032A1573BF00F54CF4 /* main.swift */,
			);
			path = IEmployeeRegister;
			sourceTree = "<group>";
		};
/* End PBXGroup section */

/* Begin PBXNativeTarget section */
		82C2E5FF2A1573BF00F54CF4 /* IEmployeeRegister */ = {
			isa = PBXNativeTarget;
			buildConfigurationList = 82C2E6072A1573BF00F54CF4 /* Build configuration list for PBXNativeTarget "IEmployeeRegister" */;
			buildPhases = (
				82C2E5FC2A1573BF00F54CF4 /* Sources */,
				82C2E5FD2A1573BF00F54CF4 /* Frameworks */,
				82C2E5FE2A1573BF00F54CF4 /* CopyFiles */,
			);
			buildRules = (
			);
			dependencies = (
			);
			name = IEmployeeRegister;
			productName = IEmployeeRegister;
			productReference = 82C2E6002A1573BF00F54CF4 /* IEmployeeRegister */;
			productType = "com.apple.product-type.tool";
		};
/* End PBXNativeTarget section */

/* Begin PBXProject section */
		82C2E5F82A1573BF00F54CF4 /* Project object */ = {
			isa = PBXProject;
			attributes = {
				BuildIndependentTargetsInParallel = 1;
				LastSwiftUpdateCheck = 1420;
				LastUpgradeCheck = 1420;
				TargetAttributes = {
					82C2E5FF2A1573BF00F54CF4 = {
						CreatedOnToolsVersion = 14.2;
					};
				};
			};
			buildConfigurationList = 82C2E5FB2A1573BF00F54CF4 /* Build configuration list for PBXProject "IEmployeeRegister" */;
			compatibilityVersion = "Xcode 14.0";
			developmentRegion = en;
			hasScannedForEncodings = 0;
			knownRegions = (
				en,
				Base,
			);
			mainGroup = 82C2E5F72A1573BF00F54CF4;
			productRefGroup = 82C2E6012A1573BF00F54CF4 /* Products */;
			projectDirPath = "";
			projectRoot = "";
			targets = (
				82C2E5FF2A1573BF00F54CF4 /* IEmployeeRegister */,
			);
		};
/* End PBXProject section */

/* Begin PBXSourcesBuildPhase section */
		82C2E5FC2A1573BF00F54CF4 /* Sources */ = {
			isa = PBXSourcesBuildPhase;
			buildActionMask = 2147483647;
			files = (
				820E96F22A24D1D60049BEF9 /* employee_repository_imp.swift in Sources */,
				820E96F52A2532350049BEF9 /* app_error.swift in Sources */,
				82C2E6042A1573BF00F54CF4 /* main.swift in Sources */,
				822ADD7C2A26546C004DFE34 /* delete_employee.swift in Sources */,
				82FF66AC2A1D134A0048DF68 /* interface.swift in Sources */,
				82FF66A72A1D0B070048DF68 /* employee.swift in Sources */,
				822ADD7A2A26545F004DFE34 /* find_by_name.swift in Sources */,
				822ADD782A26544F004DFE34 /* create_employee.swift in Sources */,
				822ADD762A2653FC004DFE34 /* controller.swift in Sources */,
				822ADD7E2A265480004DFE34 /* find_all.swift in Sources */,
				82FF66A92A1D0BEB0048DF68 /* employee_repository.swift in Sources */,
			);
			runOnlyForDeploymentPostprocessing = 0;
		};
/* End PBXSourcesBuildPhase section */

/* Begin XCBuildConfiguration section */
		82C2E6052A1573BF00F54CF4 /* Debug */ = {
			isa = XCBuildConfiguration;
			buildSettings = {
				ALWAYS_SEARCH_USER_PATHS = NO;
				CLANG_ANALYZER_NONNULL = YES;
				CLANG_ANALYZER_NUMBER_OBJECT_CONVERSION = YES_AGGRESSIVE;
				CLANG_CXX_LANGUAGE_STANDARD = "gnu++20";
				CLANG_ENABLE_MODULES = YES;
				CLANG_ENABLE_OBJC_ARC = YES;
				CLANG_ENABLE_OBJC_WEAK = YES;
				CLANG_WARN_BLOCK_CAPTURE_AUTORELEASING = YES;
				CLANG_WARN_BOOL_CONVERSION = YES;
				CLANG_WARN_COMMA = YES;
				CLANG_WARN_CONSTANT_CONVERSION = YES;
				CLANG_WARN_DEPRECATED_OBJC_IMPLEMENTATIONS = YES;
				CLANG_WARN_DIRECT_OBJC_ISA_USAGE = YES_ERROR;
				CLANG_WARN_DOCUMENTATION_COMMENTS = YES;
				CLANG_WARN_EMPTY_BODY = YES;
				CLANG_WARN_ENUM_CONVERSION = YES;
				CLANG_WARN_INFINITE_RECURSION = YES;
				CLANG_WARN_INT_CONVERSION = YES;
				CLANG_WARN_NON_LITERAL_NULL_CONVERSION = YES;
				CLANG_WARN_OBJC_IMPLICIT_RETAIN_SELF = YES;
				CLANG_WARN_OBJC_LITERAL_CONVERSION = YES;
				CLANG_WARN_OBJC_ROOT_CLASS = YES_ERROR;
				CLANG_WARN_QUOTED_INCLUDE_IN_FRAMEWORK_HEADER = YES;
				CLANG_WARN_RANGE_LOOP_ANALYSIS = YES;
				CLANG_WARN_STRICT_PROTOTYPES = YES;
				CLANG_WARN_SUSPICIOUS_MOVE = YES;
				CLANG_WARN_UNGUARDED_AVAILABILITY = YES_AGGRESSIVE;
				CLANG_WARN_UNREACHABLE_CODE = YES;
				CLANG_WARN__DUPLICATE_METHOD_MATCH = YES;
				COPY_PHASE_STRIP = NO;
				DEBUG_INFORMATION_FORMAT = dwarf;
				ENABLE_STRICT_OBJC_MSGSEND = YES;
				ENABLE_TESTABILITY = YES;
				GCC_C_LANGUAGE_STANDARD = gnu11;
				GCC_DYNAMIC_NO_PIC = NO;
				GCC_NO_COMMON_BLOCKS = YES;
				GCC_OPTIMIZATION_LEVEL = 0;
				GCC_PREPROCESSOR_DEFINITIONS = (
					"DEBUG=1",
					"$(inherited)",
				);
				GCC_WARN_64_TO_32_BIT_CONVERSION = YES;
				GCC_WARN_ABOUT_RETURN_TYPE = YES_ERROR;
				GCC_WARN_UNDECLARED_SELECTOR = YES;
				GCC_WARN_UNINITIALIZED_AUTOS = YES_AGGRESSIVE;
				GCC_WARN_UNUSED_FUNCTION = YES;
				GCC_WARN_UNUSED_VARIABLE = YES;
				MACOSX_DEPLOYMENT_TARGET = 13.1;
				MTL_ENABLE_DEBUG_INFO = INCLUDE_SOURCE;
				MTL_FAST_MATH = YES;
				ONLY_ACTIVE_ARCH = YES;
				SDKROOT = macosx;
				SWIFT_ACTIVE_COMPILATION_CONDITIONS = DEBUG;
				SWIFT_OPTIMIZATION_LEVEL = "-Onone";
			};
			name = Debug;
		};
		82C2E6062A1573BF00F54CF4 /* Release */ = {
			isa = XCBuildConfiguration;
			buildSettings = {
				ALWAYS_SEARCH_USER_PATHS = NO;
				CLANG_ANALYZER_NONNULL = YES;
				CLANG_ANALYZER_NUMBER_OBJECT_CONVERSION = YES_AGGRESSIVE;
				CLANG_CXX_LANGUAGE_STANDARD = "gnu++20";
				CLANG_ENABLE_MODULES = YES;
				CLANG_ENABLE_OBJC_ARC = YES;
				CLANG_ENABLE_OBJC_WEAK = YES;
				CLANG_WARN_BLOCK_CAPTURE_AUTORELEASING = YES;
				CLANG_WARN_BOOL_CONVERSION = YES;
				CLANG_WARN_COMMA = YES;
				CLANG_WARN_CONSTANT_CONVERSION = YES;
				CLANG_WARN_DEPRECATED_OBJC_IMPLEMENTATIONS = YES;
				CLANG_WARN_DIRECT_OBJC_ISA_USAGE = YES_ERROR;
				CLANG_WARN_DOCUMENTATION_COMMENTS = YES;
				CLANG_WARN_EMPTY_BODY = YES;
				CLANG_WARN_ENUM_CONVERSION = YES;
				CLANG_WARN_INFINITE_RECURSION = YES;
				CLANG_WARN_INT_CONVERSION = YES;
				CLANG_WARN_NON_LITERAL_NULL_CONVERSION = YES;
				CLANG_WARN_OBJC_IMPLICIT_RETAIN_SELF = YES;
				CLANG_WARN_OBJC_LITERAL_CONVERSION = YES;
				CLANG_WARN_OBJC_ROOT_CLASS = YES_ERROR;
				CLANG_WARN_QUOTED_INCLUDE_IN_FRAMEWORK_HEADER = YES;
				CLANG_WARN_RANGE_LOOP_ANALYSIS = YES;
				CLANG_WARN_STRICT_PROTOTYPES = YES;
				CLANG_WARN_SUSPICIOUS_MOVE = YES;
				CLANG_WARN_UNGUARDED_AVAILABILITY = YES_AGGRESSIVE;
				CLANG_WARN_UNREACHABLE_CODE = YES;
				CLANG_WARN__DUPLICATE_METHOD_MATCH = YES;
				COPY_PHASE_STRIP = NO;
				DEBUG_INFORMATION_FORMAT = "dwarf-with-dsym";
				ENABLE_NS_ASSERTIONS = NO;
				ENABLE_STRICT_OBJC_MSGSEND = YES;
				GCC_C_LANGUAGE_STANDARD = gnu11;
				GCC_NO_COMMON_BLOCKS = YES;
				GCC_WARN_64_TO_32_BIT_CONVERSION = YES;
				GCC_WARN_ABOUT_RETURN_TYPE = YES_ERROR;
				GCC_WARN_UNDECLARED_SELECTOR = YES;
				GCC_WARN_UNINITIALIZED_AUTOS = YES_AGGRESSIVE;
				GCC_WARN_UNUSED_FUNCTION = YES;
				GCC_WARN_UNUSED_VARIABLE = YES;
				MACOSX_DEPLOYMENT_TARGET = 13.1;
				MTL_ENABLE_DEBUG_INFO = NO;
				MTL_FAST_MATH = YES;
				SDKROOT = macosx;
				SWIFT_COMPILATION_MODE = wholemodule;
				SWIFT_OPTIMIZATION_LEVEL = "-O";
			};
			name = Release;
		};
		82C2E6082A1573BF00F54CF4 /* Debug */ = {
			isa = XCBuildConfiguration;
			buildSettings = {
				CODE_SIGN_STYLE = Automatic;
				PRODUCT_NAME = "$(TARGET_NAME)";
				SWIFT_VERSION = 5.0;
			};
			name = Debug;
		};
		82C2E6092A1573BF00F54CF4 /* Release */ = {
			isa = XCBuildConfiguration;
			buildSettings = {
				CODE_SIGN_STYLE = Automatic;
				PRODUCT_NAME = "$(TARGET_NAME)";
				SWIFT_VERSION = 5.0;
			};
			name = Release;
		};
/* End XCBuildConfiguration section */

/* Begin XCConfigurationList section */
		82C2E5FB2A1573BF00F54CF4 /* Build configuration list for PBXProject "IEmployeeRegister" */ = {
			isa = XCConfigurationList;
			buildConfigurations = (
				82C2E6052A1573BF00F54CF4 /* Debug */,
				82C2E6062A1573BF00F54CF4 /* Release */,
			);
			defaultConfigurationIsVisible = 0;
			defaultConfigurationName = Release;
		};
		82C2E6072A1573BF00F54CF4 /* Build configuration list for PBXNativeTarget "IEmployeeRegister" */ = {
			isa = XCConfigurationList;
			buildConfigurations = (
				82C2E6082A1573BF00F54CF4 /* Debug */,
				82C2E6092A1573BF00F54CF4 /* Release */,
			);
			defaultConfigurationIsVisible = 0;
			defaultConfigurationName = Release;
		};
/* End XCConfigurationList section */
	};
	rootObject = 82C2E5F82A1573BF00F54CF4 /* Project object */;
}
